
Microsoft Visual Studio Solution File, Format Version 12.00
# Visual Studio 15
VisualStudioVersion = 15.0.28010.2041
MinimumVisualStudioVersion = 10.0.40219.1
Project("{FAE04EC0-301F-11D3-BF4B-00C04F79EFBC}") = "MCS", "MCS.csproj", "{064E11CF-2196-419B-8357-4EB0D6C8DFFA}"
EndProject
Project("{FAE04EC0-301F-11D3-BF4B-00C04F79EFBC}") = "Tests", "Tests\Tests.csproj", "{E9D930D8-396D-40A1-A824-34615A1F364E}"
EndProject
Project("{FAE04EC0-301F-11D3-BF4B-00C04F79EFBC}") = "MCSLib", "MCSLib\MCSLib.csproj", "{E0F21B68-C24A-40E4-8487-97ABE025F672}"
EndProject
Global
	GlobalSection(SolutionConfigurationPlatforms) = preSolution
		Debug|Any CPU = Debug|Any CPU
		Release|Any CPU = Release|Any CPU
	EndGlobalSection
	GlobalSection(ProjectConfigurationPlatforms) = postSolution
		{064E11CF-2196-419B-8357-4EB0D6C8DFFA}.Debug|Any CPU.ActiveCfg = Debug|Any CPU
		{064E11CF-2196-419B-8357-4EB0D6C8DFFA}.Debug|Any CPU.Build.0 = Debug|Any CPU
		{064E11CF-2196-419B-8357-4EB0D6C8DFFA}.Release|Any CPU.ActiveCfg = Release|Any CPU
		{064E11CF-2196-419B-8357-4EB0D6C8DFFA}.Release|Any CPU.Build.0 = Release|Any CPU
		{E9D930D8-396D-40A1-A824-34615A1F364E}.Debug|Any CPU.ActiveCfg = Debug|Any CPU
		{E9D930D8-396D-40A1-A824-34615A1F364E}.Debug|Any CPU.Build.0 = Debug|Any CPU
		{E9D930D8-396D-40A1-A824-34615A1F364E}.Release|Any CPU.ActiveCfg = Release|Any CPU
		{E9D930D8-396D-40A1-A824-34615A1F364E}.Release|Any CPU.Build.0 = Release|Any CPU
		{E0F21B68-C24A-40E4-8487-97ABE025F672}.Debug|Any CPU.ActiveCfg = Debug|Any CPU
		{E0F21B68-C24A-40E4-8487-97ABE025F672}.Debug|Any CPU.Build.0 = Debug|Any CPU
		{E0F21B68-C24A-40E4-8487-97ABE025F672}.Release|Any CPU.ActiveCfg = Release|Any CPU
		{E0F21B68-C24A-40E4-8487-97ABE025F672}.Release|Any CPU.Build.0 = Release|Any CPU
	EndGlobalSection
	GlobalSection(SolutionProperties) = preSolution
		HideSolutionNode = FALSE
	EndGlobalSection
	GlobalSection(ExtensibilityGlobals) = postSolution
		SolutionGuid = {806B7109-7168-4050-AE6A-46C00036A74D}
	EndGlobalSection
EndGlobal
